// !$*UTF8*$!
{
	archiveVersion = 1;
	classes = {
	};
	objectVersion = 46;
	objects = {

/* Begin PBXBuildFile section */
		52954F9F1D8B14AB00F7E664 /* support.o in Frameworks */ = {isa = PBXBuildFile; fileRef = 52954F9E1D8B14AB00F7E664 /* support.o */; };
		62211A6C1D9DCD45005CE7DD /* test_cjoin.c in Sources */ = {isa = PBXBuildFile; fileRef = 62211A6A1D9DCD45005CE7DD /* test_cjoin.c */; };
		62211A6D1D9DCD45005CE7DD /* test_cyield.c in Sources */ = {isa = PBXBuildFile; fileRef = 62211A6B1D9DCD45005CE7DD /* test_cyield.c */; };
		62211A6F1D9E0264005CE7DD /* test_cwait.c in Sources */ = {isa = PBXBuildFile; fileRef = 62211A6E1D9E0264005CE7DD /* test_cwait.c */; };
		62EEAB171D8AFD1A00E16610 /* main.c in Sources */ = {isa = PBXBuildFile; fileRef = 62EEAB161D8AFD1A00E16610 /* main.c */; };
		62EEAB261D8AFF6600E16610 /* makefile in Sources */ = {isa = PBXBuildFile; fileRef = 62EEAB251D8AFF6600E16610 /* makefile */; };
		62EEAB291D8B087F00E16610 /* cthread.c in Sources */ = {isa = PBXBuildFile; fileRef = 62EEAB281D8B087F00E16610 /* cthread.c */; };
		62EEAB2C1D8B0F0300E16610 /* test_ccreate.c in Sources */ = {isa = PBXBuildFile; fileRef = 62EEAB2A1D8B0F0300E16610 /* test_ccreate.c */; };
		62EEAB2E1D8B0FFA00E16610 /* README.md in Sources */ = {isa = PBXBuildFile; fileRef = 62EEAB2D1D8B0FFA00E16610 /* README.md */; };
		62EEAB551D8B289900E16610 /* test_cidentify.c in Sources */ = {isa = PBXBuildFile; fileRef = 62EEAB531D8B289900E16610 /* test_cidentify.c */; };
/* End PBXBuildFile section */

/* Begin PBXCopyFilesBuildPhase section */
		62EEAB111D8AFD1900E16610 /* CopyFiles */ = {
			isa = PBXCopyFilesBuildPhase;
			buildActionMask = 2147483647;
			dstPath = /usr/share/man/man1/;
			dstSubfolderSpec = 0;
			files = (
			);
			runOnlyForDeploymentPostprocessing = 1;
		};
/* End PBXCopyFilesBuildPhase section */

/* Begin PBXFileReference section */
		52954F9E1D8B14AB00F7E664 /* support.o */ = {isa = PBXFileReference; lastKnownFileType = "compiled.mach-o.objfile"; path = support.o; sourceTree = "<group>"; };
		52954FA01D8B14CF00F7E664 /* support.h */ = {isa = PBXFileReference; lastKnownFileType = sourcecode.c.h; path = support.h; sourceTree = "<group>"; };
		62211A6A1D9DCD45005CE7DD /* test_cjoin.c */ = {isa = PBXFileReference; fileEncoding = 4; lastKnownFileType = sourcecode.c.c; path = test_cjoin.c; sourceTree = "<group>"; };
		62211A6B1D9DCD45005CE7DD /* test_cyield.c */ = {isa = PBXFileReference; fileEncoding = 4; lastKnownFileType = sourcecode.c.c; path = test_cyield.c; sourceTree = "<group>"; };
		62211A6E1D9E0264005CE7DD /* test_cwait.c */ = {isa = PBXFileReference; fileEncoding = 4; lastKnownFileType = sourcecode.c.c; path = test_cwait.c; sourceTree = "<group>"; };
		62EEAB131D8AFD1A00E16610 /* cthread */ = {isa = PBXFileReference; explicitFileType = "compiled.mach-o.executable"; includeInIndex = 0; path = cthread; sourceTree = BUILT_PRODUCTS_DIR; };
		62EEAB161D8AFD1A00E16610 /* main.c */ = {isa = PBXFileReference; lastKnownFileType = sourcecode.c.c; path = main.c; sourceTree = "<group>"; };
		62EEAB1D1D8AFD4C00E16610 /* cthread.h */ = {isa = PBXFileReference; lastKnownFileType = sourcecode.c.h; path = cthread.h; sourceTree = "<group>"; };
		62EEAB251D8AFF6600E16610 /* makefile */ = {isa = PBXFileReference; fileEncoding = 4; lastKnownFileType = sourcecode.make; path = makefile; sourceTree = "<group>"; };
		62EEAB271D8B001100E16610 /* cdata.h */ = {isa = PBXFileReference; lastKnownFileType = sourcecode.c.h; path = cdata.h; sourceTree = "<group>"; };
		62EEAB281D8B087F00E16610 /* cthread.c */ = {isa = PBXFileReference; fileEncoding = 4; lastKnownFileType = sourcecode.c.c; lineEnding = 0; path = cthread.c; sourceTree = "<group>"; xcLanguageSpecificationIdentifier = xcode.lang.c; };
		62EEAB2A1D8B0F0300E16610 /* test_ccreate.c */ = {isa = PBXFileReference; fileEncoding = 4; lastKnownFileType = sourcecode.c.c; path = test_ccreate.c; sourceTree = "<group>"; };
		62EEAB2B1D8B0F0300E16610 /* test_ccreate.h */ = {isa = PBXFileReference; fileEncoding = 4; lastKnownFileType = sourcecode.c.h; path = test_ccreate.h; sourceTree = "<group>"; };
		62EEAB2D1D8B0FFA00E16610 /* README.md */ = {isa = PBXFileReference; fileEncoding = 4; lastKnownFileType = net.daringfireball.markdown; path = README.md; sourceTree = "<group>"; };
		62EEAB531D8B289900E16610 /* test_cidentify.c */ = {isa = PBXFileReference; fileEncoding = 4; lastKnownFileType = sourcecode.c.c; path = test_cidentify.c; sourceTree = "<group>"; };
		62EEAB541D8B289900E16610 /* test_cidentify.h */ = {isa = PBXFileReference; fileEncoding = 4; lastKnownFileType = sourcecode.c.h; path = test_cidentify.h; sourceTree = "<group>"; };
/* End PBXFileReference section */

/* Begin PBXFrameworksBuildPhase section */
		62EEAB101D8AFD1900E16610 /* Frameworks */ = {
			isa = PBXFrameworksBuildPhase;
			buildActionMask = 2147483647;
			files = (
				52954F9F1D8B14AB00F7E664 /* support.o in Frameworks */,
			);
			runOnlyForDeploymentPostprocessing = 0;
		};
/* End PBXFrameworksBuildPhase section */

/* Begin PBXGroup section */
		62EEAB0A1D8AFD1900E16610 = {
			isa = PBXGroup;
			children = (
				62EEAB2D1D8B0FFA00E16610 /* README.md */,
				62EEAB151D8AFD1A00E16610 /* cthread */,
				62EEAB141D8AFD1A00E16610 /* Products */,
			);
			sourceTree = "<group>";
		};
		62EEAB141D8AFD1A00E16610 /* Products */ = {
			isa = PBXGroup;
			children = (
				62EEAB131D8AFD1A00E16610 /* cthread */,
			);
			name = Products;
			sourceTree = "<group>";
		};
		62EEAB151D8AFD1A00E16610 /* cthread */ = {
			isa = PBXGroup;
			children = (
				62EEAB1F1D8AFEFD00E16610 /* bin */,
				62EEAB221D8AFF0D00E16610 /* exemplos */,
				62EEAB1E1D8AFE6700E16610 /* include */,
				62EEAB201D8AFF0100E16610 /* lib */,
				62EEAB161D8AFD1A00E16610 /* main.c */,
				62EEAB251D8AFF6600E16610 /* makefile */,
				62EEAB211D8AFF0700E16610 /* src */,
				62EEAB231D8AFF1100E16610 /* teste */,
			);
			path = cthread;
			sourceTree = "<group>";
		};
		62EEAB1E1D8AFE6700E16610 /* include */ = {
			isa = PBXGroup;
			children = (
				62EEAB271D8B001100E16610 /* cdata.h */,
				62EEAB1D1D8AFD4C00E16610 /* cthread.h */,
				52954FA01D8B14CF00F7E664 /* support.h */,
			);
			path = include;
			sourceTree = "<group>";
		};
		62EEAB1F1D8AFEFD00E16610 /* bin */ = {
			isa = PBXGroup;
			children = (
				52954F9E1D8B14AB00F7E664 /* support.o */,
			);
			path = bin;
			sourceTree = "<group>";
		};
		62EEAB201D8AFF0100E16610 /* lib */ = {
			isa = PBXGroup;
			children = (
			);
			path = lib;
			sourceTree = "<group>";
		};
		62EEAB211D8AFF0700E16610 /* src */ = {
			isa = PBXGroup;
			children = (
				62EEAB281D8B087F00E16610 /* cthread.c */,
			);
			path = src;
			sourceTree = "<group>";
		};
		62EEAB221D8AFF0D00E16610 /* exemplos */ = {
			isa = PBXGroup;
			children = (
			);
			path = exemplos;
			sourceTree = "<group>";
		};
		62EEAB231D8AFF1100E16610 /* teste */ = {
			isa = PBXGroup;
			children = (
				62EEAB2A1D8B0F0300E16610 /* test_ccreate.c */,
				62EEAB2B1D8B0F0300E16610 /* test_ccreate.h */,
				62EEAB531D8B289900E16610 /* test_cidentify.c */,
				62EEAB541D8B289900E16610 /* test_cidentify.h */,
				62211A6A1D9DCD45005CE7DD /* test_cjoin.c */,
				62211A6B1D9DCD45005CE7DD /* test_cyield.c */,
				62211A6E1D9E0264005CE7DD /* test_cwait.c */,
			);
			path = teste;
			sourceTree = "<group>";
		};
/* End PBXGroup section */

/* Begin PBXNativeTarget section */
		62EEAB121D8AFD1900E16610 /* cthread */ = {
			isa = PBXNativeTarget;
			buildConfigurationList = 62EEAB1A1D8AFD1A00E16610 /* Build configuration list for PBXNativeTarget "cthread" */;
			buildPhases = (
				62EEAB0F1D8AFD1900E16610 /* Sources */,
				62EEAB101D8AFD1900E16610 /* Frameworks */,
				62EEAB111D8AFD1900E16610 /* CopyFiles */,
			);
			buildRules = (
			);
			dependencies = (
			);
			name = cthread;
			productName = cthread;
			productReference = 62EEAB131D8AFD1A00E16610 /* cthread */;
			productType = "com.apple.product-type.tool";
		};
/* End PBXNativeTarget section */

/* Begin PBXProject section */
		62EEAB0B1D8AFD1900E16610 /* Project object */ = {
			isa = PBXProject;
			attributes = {
				LastUpgradeCheck = 0800;
				ORGANIZATIONNAME = "Henrique Valcanaia";
				TargetAttributes = {
					62EEAB121D8AFD1900E16610 = {
						CreatedOnToolsVersion = 8.0;
						DevelopmentTeam = 8WCPHDZJPJ;
						ProvisioningStyle = Automatic;
					};
				};
			};
			buildConfigurationList = 62EEAB0E1D8AFD1900E16610 /* Build configuration list for PBXProject "cthread" */;
			compatibilityVersion = "Xcode 3.2";
			developmentRegion = English;
			hasScannedForEncodings = 0;
			knownRegions = (
				en,
			);
			mainGroup = 62EEAB0A1D8AFD1900E16610;
			productRefGroup = 62EEAB141D8AFD1A00E16610 /* Products */;
			projectDirPath = "";
			projectRoot = "";
			targets = (
				62EEAB121D8AFD1900E16610 /* cthread */,
			);
		};
/* End PBXProject section */

/* Begin PBXSourcesBuildPhase section */
		62EEAB0F1D8AFD1900E16610 /* Sources */ = {
			isa = PBXSourcesBuildPhase;
			buildActionMask = 2147483647;
			files = (
				62EEAB291D8B087F00E16610 /* cthread.c in Sources */,
				62211A6F1D9E0264005CE7DD /* test_cwait.c in Sources */,
				62EEAB2C1D8B0F0300E16610 /* test_ccreate.c in Sources */,
				62EEAB2E1D8B0FFA00E16610 /* README.md in Sources */,
				62EEAB261D8AFF6600E16610 /* makefile in Sources */,
				62EEAB171D8AFD1A00E16610 /* main.c in Sources */,
				62EEAB551D8B289900E16610 /* test_cidentify.c in Sources */,
				62211A6C1D9DCD45005CE7DD /* test_cjoin.c in Sources */,
				62211A6D1D9DCD45005CE7DD /* test_cyield.c in Sources */,
			);
			runOnlyForDeploymentPostprocessing = 0;
		};
/* End PBXSourcesBuildPhase section */

/* Begin XCBuildConfiguration section */
		62EEAB181D8AFD1A00E16610 /* Debug */ = {
			isa = XCBuildConfiguration;
			buildSettings = {
				ALWAYS_SEARCH_USER_PATHS = NO;
				CLANG_ANALYZER_NONNULL = YES;
				CLANG_CXX_LANGUAGE_STANDARD = "gnu++0x";
				CLANG_CXX_LIBRARY = "libc++";
				CLANG_ENABLE_MODULES = YES;
				CLANG_ENABLE_OBJC_ARC = YES;
				CLANG_WARN_BOOL_CONVERSION = YES;
				CLANG_WARN_CONSTANT_CONVERSION = YES;
				CLANG_WARN_DIRECT_OBJC_ISA_USAGE = YES_ERROR;
				CLANG_WARN_DOCUMENTATION_COMMENTS = YES;
				CLANG_WARN_EMPTY_BODY = YES;
				CLANG_WARN_ENUM_CONVERSION = YES;
				CLANG_WARN_INFINITE_RECURSION = YES;
				CLANG_WARN_INT_CONVERSION = YES;
				CLANG_WARN_OBJC_ROOT_CLASS = YES_ERROR;
				CLANG_WARN_SUSPICIOUS_MOVES = YES;
				CLANG_WARN_UNREACHABLE_CODE = YES;
				CLANG_WARN__DUPLICATE_METHOD_MATCH = YES;
				CODE_SIGN_IDENTITY = "-";
				COPY_PHASE_STRIP = NO;
				DEBUG_INFORMATION_FORMAT = dwarf;
				ENABLE_STRICT_OBJC_MSGSEND = YES;
				ENABLE_TESTABILITY = YES;
				GCC_C_LANGUAGE_STANDARD = gnu99;
				GCC_DYNAMIC_NO_PIC = NO;
				GCC_NO_COMMON_BLOCKS = YES;
				GCC_OPTIMIZATION_LEVEL = 0;
				GCC_PREPROCESSOR_DEFINITIONS = (
					"DEBUG=1",
					"$(inherited)",
				);
				GCC_WARN_64_TO_32_BIT_CONVERSION = YES;
				GCC_WARN_ABOUT_RETURN_TYPE = YES_ERROR;
				GCC_WARN_UNDECLARED_SELECTOR = YES;
				GCC_WARN_UNINITIALIZED_AUTOS = YES_AGGRESSIVE;
				GCC_WARN_UNUSED_FUNCTION = YES;
				GCC_WARN_UNUSED_VARIABLE = YES;
				MACOSX_DEPLOYMENT_TARGET = 10.12;
				MTL_ENABLE_DEBUG_INFO = YES;
				ONLY_ACTIVE_ARCH = YES;
				SDKROOT = macosx;
			};
			name = Debug;
		};
		62EEAB191D8AFD1A00E16610 /* Release */ = {
			isa = XCBuildConfiguration;
			buildSettings = {
				ALWAYS_SEARCH_USER_PATHS = NO;
				CLANG_ANALYZER_NONNULL = YES;
				CLANG_CXX_LANGUAGE_STANDARD = "gnu++0x";
				CLANG_CXX_LIBRARY = "libc++";
				CLANG_ENABLE_MODULES = YES;
				CLANG_ENABLE_OBJC_ARC = YES;
				CLANG_WARN_BOOL_CONVERSION = YES;
				CLANG_WARN_CONSTANT_CONVERSION = YES;
				CLANG_WARN_DIRECT_OBJC_ISA_USAGE = YES_ERROR;
				CLANG_WARN_DOCUMENTATION_COMMENTS = YES;
				CLANG_WARN_EMPTY_BODY = YES;
				CLANG_WARN_ENUM_CONVERSION = YES;
				CLANG_WARN_INFINITE_RECURSION = YES;
				CLANG_WARN_INT_CONVERSION = YES;
				CLANG_WARN_OBJC_ROOT_CLASS = YES_ERROR;
				CLANG_WARN_SUSPICIOUS_MOVES = YES;
				CLANG_WARN_UNREACHABLE_CODE = YES;
				CLANG_WARN__DUPLICATE_METHOD_MATCH = YES;
				CODE_SIGN_IDENTITY = "-";
				COPY_PHASE_STRIP = NO;
				DEBUG_INFORMATION_FORMAT = "dwarf-with-dsym";
				ENABLE_NS_ASSERTIONS = NO;
				ENABLE_STRICT_OBJC_MSGSEND = YES;
				GCC_C_LANGUAGE_STANDARD = gnu99;
				GCC_NO_COMMON_BLOCKS = YES;
				GCC_WARN_64_TO_32_BIT_CONVERSION = YES;
				GCC_WARN_ABOUT_RETURN_TYPE = YES_ERROR;
				GCC_WARN_UNDECLARED_SELECTOR = YES;
				GCC_WARN_UNINITIALIZED_AUTOS = YES_AGGRESSIVE;
				GCC_WARN_UNUSED_FUNCTION = YES;
				GCC_WARN_UNUSED_VARIABLE = YES;
				MACOSX_DEPLOYMENT_TARGET = 10.12;
				MTL_ENABLE_DEBUG_INFO = NO;
				SDKROOT = macosx;
			};
			name = Release;
		};
		62EEAB1B1D8AFD1A00E16610 /* Debug */ = {
			isa = XCBuildConfiguration;
			buildSettings = {
				DEVELOPMENT_TEAM = 8WCPHDZJPJ;
				PRODUCT_NAME = "$(TARGET_NAME)";
			};
			name = Debug;
		};
		62EEAB1C1D8AFD1A00E16610 /* Release */ = {
			isa = XCBuildConfiguration;
			buildSettings = {
				DEVELOPMENT_TEAM = 8WCPHDZJPJ;
				PRODUCT_NAME = "$(TARGET_NAME)";
			};
			name = Release;
		};
/* End XCBuildConfiguration section */

/* Begin XCConfigurationList section */
		62EEAB0E1D8AFD1900E16610 /* Build configuration list for PBXProject "cthread" */ = {
			isa = XCConfigurationList;
			buildConfigurations = (
				62EEAB181D8AFD1A00E16610 /* Debug */,
				62EEAB191D8AFD1A00E16610 /* Release */,
			);
			defaultConfigurationIsVisible = 0;
			defaultConfigurationName = Release;
		};
		62EEAB1A1D8AFD1A00E16610 /* Build configuration list for PBXNativeTarget "cthread" */ = {
			isa = XCConfigurationList;
			buildConfigurations = (
				62EEAB1B1D8AFD1A00E16610 /* Debug */,
				62EEAB1C1D8AFD1A00E16610 /* Release */,
			);
			defaultConfigurationIsVisible = 0;
			defaultConfigurationName = Release;
		};
/* End XCConfigurationList section */
	};
	rootObject = 62EEAB0B1D8AFD1900E16610 /* Project object */;
}
